
Microsoft Visual Studio Solution File, Format Version 12.00
# Visual Studio Version 17
VisualStudioVersion = 17.5.33502.453
MinimumVisualStudioVersion = 10.0.40219.1
Project("{8BC9CEB8-8B4A-11D0-8D11-00A0C91BC942}") = "001강. 프로젝트 생성", "001강. 프로젝트 생성\001강. 프로젝트 생성.vcxproj", "{615AE28B-0133-44B5-A610-7263F2DAC4A5}"
EndProject
Project("{8BC9CEB8-8B4A-11D0-8D11-00A0C91BC942}") = "010. define, 비트연산자(1)", "010. define, 비트연산자(1)\010. define, 비트연산자(1).vcxproj", "{351E6C8A-DB14-4265-871B-58ED1D4A2773}"
EndProject
Project("{8BC9CEB8-8B4A-11D0-8D11-00A0C91BC942}") = "009강. Switch구문, 삼항연산자", "009강. Switch구문, 삼항연산자\009강. Switch구문, 삼항연산자.vcxproj", "{75F06308-1DCB-4269-B81C-99ED16AA4973}"
EndProject
Project("{8BC9CEB8-8B4A-11D0-8D11-00A0C91BC942}") = "008강. if & else if 구문", "008강. if & else if 구문\008강. if & else if 구문.vcxproj", "{87A276E4-C453-498B-9051-5FC8F65BEDCC}"
EndProject
Project("{8BC9CEB8-8B4A-11D0-8D11-00A0C91BC942}") = "007강. 논리연산자", "007강. 논리연산자\007강. 논리연산자.vcxproj", "{CE3471A6-5472-4A2D-AD44-D26E6F8D1B1A}"
EndProject
Project("{8BC9CEB8-8B4A-11D0-8D11-00A0C91BC942}") = "005강. 산술연산자", "005강. 산술연산자\005강. 산술연산자.vcxproj", "{43AE80F1-67DB-4F2E-8F3F-A418F35C14DF}"
EndProject
Project("{8BC9CEB8-8B4A-11D0-8D11-00A0C91BC942}") = "004강. 실수형, 자료형", "004강. 실수형, 자료형\004강. 실수형, 자료형.vcxproj", "{C204925C-03BF-4B88-8776-305C97DE2B57}"
EndProject
Project("{8BC9CEB8-8B4A-11D0-8D11-00A0C91BC942}") = "002, 003강. 자료형, 정수형 자료형", "002, 003강. 자료형, 정수형 자료형\002, 003강. 자료형, 정수형 자료형.vcxproj", "{BD026C4E-E9BE-4D49-A63E-B6B9B063F875}"
EndProject
Project("{8BC9CEB8-8B4A-11D0-8D11-00A0C91BC942}") = "006강. 증감연산자", "006강. 증감연산자\006강. 증감연산자.vcxproj", "{FDA6BE0B-8667-4236-803E-DF53D892DA19}"
EndProject
Project("{8BC9CEB8-8B4A-11D0-8D11-00A0C91BC942}") = "011강. 비트연산자(2)", "011강. 비트연산자(2)\011강. 비트연산자(2).vcxproj", "{253EB589-3C26-49B1-8989-D25BD0D45B8D}"
EndProject
Project("{8BC9CEB8-8B4A-11D0-8D11-00A0C91BC942}") = "012강. 변수", "012강. 변수\012강. 변수.vcxproj", "{B5B81EB1-4E08-486C-9B00-035479B8009F}"
EndProject
Project("{8BC9CEB8-8B4A-11D0-8D11-00A0C91BC942}") = "013강. 함수(1), 반복문", "013강. 함수(1), 반복문\013강. 함수(1), 반복문.vcxproj", "{84C7A8E8-F915-4783-BF6F-2D14347B70B4}"
EndProject
Project("{8BC9CEB8-8B4A-11D0-8D11-00A0C91BC942}") = "014강. Visual Studio 단축키 및 편의 사항", "014강. Visual Studio 단축키 및 편의 사항\014강. Visual Studio 단축키 및 편의 사항.vcxproj", "{248D299B-3C6D-4D70-A8D8-CE0A05575327}"
EndProject
Project("{2150E333-8FDC-42A3-9474-1A3956D46DE8}") = "기타", "기타", "{637A870B-2886-4A74-8FC8-39405ECE4861}"
	ProjectSection(SolutionItems) = preProject
		단축키 모음.txt = 단축키 모음.txt
	EndProjectSection
EndProject
Project("{8BC9CEB8-8B4A-11D0-8D11-00A0C91BC942}") = "015강. printf, scanf 문자 입출력", "015강. printf, scanf 문자 입출력\015강. printf, scanf 문자 입출력.vcxproj", "{89BC3708-B45E-450E-A3CF-E09E1BD4F51D}"
EndProject
Project("{8BC9CEB8-8B4A-11D0-8D11-00A0C91BC942}") = "016강. 함수(2)", "016강. 함수(2)\016강. 함수(2).vcxproj", "{6DEF7EAF-6860-431A-BC61-209969BBA5B4}"
EndProject
Project("{8BC9CEB8-8B4A-11D0-8D11-00A0C91BC942}") = "017강. 함수(3)", "017강. 함수(3)\017강. 함수(3).vcxproj", "{09883FD5-8A6C-4C31-BD13-C89422112054}"
EndProject
Project("{8BC9CEB8-8B4A-11D0-8D11-00A0C91BC942}") = "018강. 재귀 함수(1)", "018강. 재귀 함수(1)\018강. 재귀 함수(1).vcxproj", "{8C392B33-5A93-4AA7-9942-073D8527D2A7}"
EndProject
Project("{8BC9CEB8-8B4A-11D0-8D11-00A0C91BC942}") = "019강. 재귀 함수(2)", "019강. 재귀 함수(2)\019강. 재귀 함수(2).vcxproj", "{96ECDAC7-0F87-4D87-8BED-C8DC4B5436DB}"
EndProject
Project("{8BC9CEB8-8B4A-11D0-8D11-00A0C91BC942}") = "020강. 배열", "020강. 배열\020강. 배열.vcxproj", "{D67A108D-0ABF-4C77-9B8D-3D2056B9DFD9}"
EndProject
Project("{8BC9CEB8-8B4A-11D0-8D11-00A0C91BC942}") = "021강. 구조체", "021강. 구조체\021강. 구조체.vcxproj", "{62B14276-036B-4556-920C-2E83865EF66D}"
EndProject
Project("{8BC9CEB8-8B4A-11D0-8D11-00A0C91BC942}") = "028강. 포인터 배열", "028강. 포인터 배열\028강. 포인터 배열.vcxproj", "{0A1E8BE0-B21A-4131-B971-6739E27AC8EA}"
EndProject
Project("{8BC9CEB8-8B4A-11D0-8D11-00A0C91BC942}") = "029강. 포인터 문제 풀이 및 해답", "029강. 포인터 문제 풀이 및 해답\029강. 포인터 문제 풀이 및 해답.vcxproj", "{8E6BBF53-EAF3-4B7E-9DDF-F54AA868CE6E}"
EndProject
Project("{8BC9CEB8-8B4A-11D0-8D11-00A0C91BC942}") = "022강. 지역 변수, 전역 변수", "022강. 지역 변수, 전역 변수\022강. 지역 변수, 전역 변수.vcxproj", "{D3336DBA-112B-4069-B331-7DE31BF37569}"
EndProject
Project("{8BC9CEB8-8B4A-11D0-8D11-00A0C91BC942}") = "023강. 분할구현", "023강. 분할구현\023강. 분할구현.vcxproj", "{0862028C-ED8A-40D7-B8C3-6C73DEE9FD7B}"
EndProject
Project("{8BC9CEB8-8B4A-11D0-8D11-00A0C91BC942}") = "024강. 분할 구현의 문제점", "024강. 분할 구현의 문제점\024강. 분할 구현의 문제점.vcxproj", "{9A96574B-8700-46A6-9797-F5757411C528}"
EndProject
Project("{8BC9CEB8-8B4A-11D0-8D11-00A0C91BC942}") = "025강. 정적변수 및 외부변수", "025강. 정적변수 및 외부변수\025강. 정적변수 및 외부변수.vcxproj", "{F28B8D40-534E-46C6-AD1A-6B2BA12A99B0}"
EndProject
Project("{8BC9CEB8-8B4A-11D0-8D11-00A0C91BC942}") = "026강. 운영 체제", "026강. 운영 체제\026강. 운영 체제.vcxproj", "{B9693C00-22EA-4049-B448-C8E3FA525635}"
EndProject
Project("{8BC9CEB8-8B4A-11D0-8D11-00A0C91BC942}") = "027강. 포인터", "027강. 포인터\027강. 포인터.vcxproj", "{3FEE68FF-689C-4624-AFF5-EAB3723B01C5}"
EndProject
Project("{8BC9CEB8-8B4A-11D0-8D11-00A0C91BC942}") = "030강. const", "030강. const\030강. const.vcxproj", "{39C5AE00-74C8-4E32-B4BD-D44A5C41B97C}"
EndProject
Project("{8BC9CEB8-8B4A-11D0-8D11-00A0C91BC942}") = "031강. const와 포인터", "031강. const와 포인터\031강. const와 포인터.vcxproj", "{09C7C06B-27A9-484F-B8CA-5E094FB30EE4}"
EndProject
Project("{8BC9CEB8-8B4A-11D0-8D11-00A0C91BC942}") = "032강. const와 포인터 예시", "032강. const와 포인터 예시\032강. const와 포인터 예시.vcxproj", "{B6F2A7BD-89F3-453D-A78E-36A92695B631}"
EndProject
Project("{8BC9CEB8-8B4A-11D0-8D11-00A0C91BC942}") = "033강. void", "033강. void\033강. void.vcxproj", "{E3C0974A-D299-43E8-8089-717D807373DE}"
EndProject
Project("{8BC9CEB8-8B4A-11D0-8D11-00A0C91BC942}") = "034강. 문자", "034강. 문자\034강. 문자.vcxproj", "{FEC4E481-68ED-422C-8E1D-171D1A6590F4}"
EndProject
Project("{8BC9CEB8-8B4A-11D0-8D11-00A0C91BC942}") = "035강. 문자열(1)", "035강. 문자열(1)\035강. 문자열(1).vcxproj", "{542D3C18-004E-4DF0-A96D-60D597575F7F}"
EndProject
Project("{8BC9CEB8-8B4A-11D0-8D11-00A0C91BC942}") = "036강. 문자열(2)", "036강. 문자열(2)\036강. 문자열(2).vcxproj", "{DE539771-CA2E-4339-9E1D-D42C5C0509C4}"
EndProject
Project("{8BC9CEB8-8B4A-11D0-8D11-00A0C91BC942}") = "037강. 문자열(3)", "037강. 문자열(3)\037강. 문자열(3).vcxproj", "{F9A67D29-ED7A-435F-8423-BE27069CCF94}"
EndProject
Project("{8BC9CEB8-8B4A-11D0-8D11-00A0C91BC942}") = "038강. 문자열(4)", "038강. 문자열(4)\038강. 문자열(4).vcxproj", "{29923CCD-3CE7-4643-9D49-B9E44E4ECF5E}"
EndProject
Project("{8BC9CEB8-8B4A-11D0-8D11-00A0C91BC942}") = "039강. 문자열 문제 풀이", "039강. 문자열 문제 풀이\039강. 문자열 문제 풀이.vcxproj", "{5E6D3B4D-EF30-4969-9312-EE2C311F1659}"
EndProject
Project("{8BC9CEB8-8B4A-11D0-8D11-00A0C91BC942}") = "039강. 과제만들어보기", "039강. 과제만들어보기\039강. 과제만들어보기.vcxproj", "{90538206-B971-47BB-814B-F2EB4204BCC4}"
EndProject
Global
	GlobalSection(SolutionConfigurationPlatforms) = preSolution
		Debug|x64 = Debug|x64
		Debug|x86 = Debug|x86
		Release|x64 = Release|x64
		Release|x86 = Release|x86
	EndGlobalSection
	GlobalSection(ProjectConfigurationPlatforms) = postSolution
		{615AE28B-0133-44B5-A610-7263F2DAC4A5}.Debug|x64.ActiveCfg = Debug|x64
		{615AE28B-0133-44B5-A610-7263F2DAC4A5}.Debug|x64.Build.0 = Debug|x64
		{615AE28B-0133-44B5-A610-7263F2DAC4A5}.Debug|x86.ActiveCfg = Debug|Win32
		{615AE28B-0133-44B5-A610-7263F2DAC4A5}.Debug|x86.Build.0 = Debug|Win32
		{615AE28B-0133-44B5-A610-7263F2DAC4A5}.Release|x64.ActiveCfg = Release|x64
		{615AE28B-0133-44B5-A610-7263F2DAC4A5}.Release|x64.Build.0 = Release|x64
		{615AE28B-0133-44B5-A610-7263F2DAC4A5}.Release|x86.ActiveCfg = Release|Win32
		{615AE28B-0133-44B5-A610-7263F2DAC4A5}.Release|x86.Build.0 = Release|Win32
		{351E6C8A-DB14-4265-871B-58ED1D4A2773}.Debug|x64.ActiveCfg = Debug|x64
		{351E6C8A-DB14-4265-871B-58ED1D4A2773}.Debug|x64.Build.0 = Debug|x64
		{351E6C8A-DB14-4265-871B-58ED1D4A2773}.Debug|x86.ActiveCfg = Debug|Win32
		{351E6C8A-DB14-4265-871B-58ED1D4A2773}.Debug|x86.Build.0 = Debug|Win32
		{351E6C8A-DB14-4265-871B-58ED1D4A2773}.Release|x64.ActiveCfg = Release|x64
		{351E6C8A-DB14-4265-871B-58ED1D4A2773}.Release|x64.Build.0 = Release|x64
		{351E6C8A-DB14-4265-871B-58ED1D4A2773}.Release|x86.ActiveCfg = Release|Win32
		{351E6C8A-DB14-4265-871B-58ED1D4A2773}.Release|x86.Build.0 = Release|Win32
		{75F06308-1DCB-4269-B81C-99ED16AA4973}.Debug|x64.ActiveCfg = Debug|x64
		{75F06308-1DCB-4269-B81C-99ED16AA4973}.Debug|x64.Build.0 = Debug|x64
		{75F06308-1DCB-4269-B81C-99ED16AA4973}.Debug|x86.ActiveCfg = Debug|Win32
		{75F06308-1DCB-4269-B81C-99ED16AA4973}.Debug|x86.Build.0 = Debug|Win32
		{75F06308-1DCB-4269-B81C-99ED16AA4973}.Release|x64.ActiveCfg = Release|x64
		{75F06308-1DCB-4269-B81C-99ED16AA4973}.Release|x64.Build.0 = Release|x64
		{75F06308-1DCB-4269-B81C-99ED16AA4973}.Release|x86.ActiveCfg = Release|Win32
		{75F06308-1DCB-4269-B81C-99ED16AA4973}.Release|x86.Build.0 = Release|Win32
		{87A276E4-C453-498B-9051-5FC8F65BEDCC}.Debug|x64.ActiveCfg = Debug|x64
		{87A276E4-C453-498B-9051-5FC8F65BEDCC}.Debug|x64.Build.0 = Debug|x64
		{87A276E4-C453-498B-9051-5FC8F65BEDCC}.Debug|x86.ActiveCfg = Debug|Win32
		{87A276E4-C453-498B-9051-5FC8F65BEDCC}.Debug|x86.Build.0 = Debug|Win32
		{87A276E4-C453-498B-9051-5FC8F65BEDCC}.Release|x64.ActiveCfg = Release|x64
		{87A276E4-C453-498B-9051-5FC8F65BEDCC}.Release|x64.Build.0 = Release|x64
		{87A276E4-C453-498B-9051-5FC8F65BEDCC}.Release|x86.ActiveCfg = Release|Win32
		{87A276E4-C453-498B-9051-5FC8F65BEDCC}.Release|x86.Build.0 = Release|Win32
		{CE3471A6-5472-4A2D-AD44-D26E6F8D1B1A}.Debug|x64.ActiveCfg = Debug|x64
		{CE3471A6-5472-4A2D-AD44-D26E6F8D1B1A}.Debug|x64.Build.0 = Debug|x64
		{CE3471A6-5472-4A2D-AD44-D26E6F8D1B1A}.Debug|x86.ActiveCfg = Debug|Win32
		{CE3471A6-5472-4A2D-AD44-D26E6F8D1B1A}.Debug|x86.Build.0 = Debug|Win32
		{CE3471A6-5472-4A2D-AD44-D26E6F8D1B1A}.Release|x64.ActiveCfg = Release|x64
		{CE3471A6-5472-4A2D-AD44-D26E6F8D1B1A}.Release|x64.Build.0 = Release|x64
		{CE3471A6-5472-4A2D-AD44-D26E6F8D1B1A}.Release|x86.ActiveCfg = Release|Win32
		{CE3471A6-5472-4A2D-AD44-D26E6F8D1B1A}.Release|x86.Build.0 = Release|Win32
		{43AE80F1-67DB-4F2E-8F3F-A418F35C14DF}.Debug|x64.ActiveCfg = Debug|x64
		{43AE80F1-67DB-4F2E-8F3F-A418F35C14DF}.Debug|x64.Build.0 = Debug|x64
		{43AE80F1-67DB-4F2E-8F3F-A418F35C14DF}.Debug|x86.ActiveCfg = Debug|Win32
		{43AE80F1-67DB-4F2E-8F3F-A418F35C14DF}.Debug|x86.Build.0 = Debug|Win32
		{43AE80F1-67DB-4F2E-8F3F-A418F35C14DF}.Release|x64.ActiveCfg = Release|x64
		{43AE80F1-67DB-4F2E-8F3F-A418F35C14DF}.Release|x64.Build.0 = Release|x64
		{43AE80F1-67DB-4F2E-8F3F-A418F35C14DF}.Release|x86.ActiveCfg = Release|Win32
		{43AE80F1-67DB-4F2E-8F3F-A418F35C14DF}.Release|x86.Build.0 = Release|Win32
		{C204925C-03BF-4B88-8776-305C97DE2B57}.Debug|x64.ActiveCfg = Debug|x64
		{C204925C-03BF-4B88-8776-305C97DE2B57}.Debug|x64.Build.0 = Debug|x64
		{C204925C-03BF-4B88-8776-305C97DE2B57}.Debug|x86.ActiveCfg = Debug|Win32
		{C204925C-03BF-4B88-8776-305C97DE2B57}.Debug|x86.Build.0 = Debug|Win32
		{C204925C-03BF-4B88-8776-305C97DE2B57}.Release|x64.ActiveCfg = Release|x64
		{C204925C-03BF-4B88-8776-305C97DE2B57}.Release|x64.Build.0 = Release|x64
		{C204925C-03BF-4B88-8776-305C97DE2B57}.Release|x86.ActiveCfg = Release|Win32
		{C204925C-03BF-4B88-8776-305C97DE2B57}.Release|x86.Build.0 = Release|Win32
		{BD026C4E-E9BE-4D49-A63E-B6B9B063F875}.Debug|x64.ActiveCfg = Debug|x64
		{BD026C4E-E9BE-4D49-A63E-B6B9B063F875}.Debug|x64.Build.0 = Debug|x64
		{BD026C4E-E9BE-4D49-A63E-B6B9B063F875}.Debug|x86.ActiveCfg = Debug|Win32
		{BD026C4E-E9BE-4D49-A63E-B6B9B063F875}.Debug|x86.Build.0 = Debug|Win32
		{BD026C4E-E9BE-4D49-A63E-B6B9B063F875}.Release|x64.ActiveCfg = Release|x64
		{BD026C4E-E9BE-4D49-A63E-B6B9B063F875}.Release|x64.Build.0 = Release|x64
		{BD026C4E-E9BE-4D49-A63E-B6B9B063F875}.Release|x86.ActiveCfg = Release|Win32
		{BD026C4E-E9BE-4D49-A63E-B6B9B063F875}.Release|x86.Build.0 = Release|Win32
		{FDA6BE0B-8667-4236-803E-DF53D892DA19}.Debug|x64.ActiveCfg = Debug|x64
		{FDA6BE0B-8667-4236-803E-DF53D892DA19}.Debug|x64.Build.0 = Debug|x64
		{FDA6BE0B-8667-4236-803E-DF53D892DA19}.Debug|x86.ActiveCfg = Debug|Win32
		{FDA6BE0B-8667-4236-803E-DF53D892DA19}.Debug|x86.Build.0 = Debug|Win32
		{FDA6BE0B-8667-4236-803E-DF53D892DA19}.Release|x64.ActiveCfg = Release|x64
		{FDA6BE0B-8667-4236-803E-DF53D892DA19}.Release|x64.Build.0 = Release|x64
		{FDA6BE0B-8667-4236-803E-DF53D892DA19}.Release|x86.ActiveCfg = Release|Win32
		{FDA6BE0B-8667-4236-803E-DF53D892DA19}.Release|x86.Build.0 = Release|Win32
		{253EB589-3C26-49B1-8989-D25BD0D45B8D}.Debug|x64.ActiveCfg = Debug|x64
		{253EB589-3C26-49B1-8989-D25BD0D45B8D}.Debug|x64.Build.0 = Debug|x64
		{253EB589-3C26-49B1-8989-D25BD0D45B8D}.Debug|x86.ActiveCfg = Debug|Win32
		{253EB589-3C26-49B1-8989-D25BD0D45B8D}.Debug|x86.Build.0 = Debug|Win32
		{253EB589-3C26-49B1-8989-D25BD0D45B8D}.Release|x64.ActiveCfg = Release|x64
		{253EB589-3C26-49B1-8989-D25BD0D45B8D}.Release|x64.Build.0 = Release|x64
		{253EB589-3C26-49B1-8989-D25BD0D45B8D}.Release|x86.ActiveCfg = Release|Win32
		{253EB589-3C26-49B1-8989-D25BD0D45B8D}.Release|x86.Build.0 = Release|Win32
		{B5B81EB1-4E08-486C-9B00-035479B8009F}.Debug|x64.ActiveCfg = Debug|x64
		{B5B81EB1-4E08-486C-9B00-035479B8009F}.Debug|x64.Build.0 = Debug|x64
		{B5B81EB1-4E08-486C-9B00-035479B8009F}.Debug|x86.ActiveCfg = Debug|Win32
		{B5B81EB1-4E08-486C-9B00-035479B8009F}.Debug|x86.Build.0 = Debug|Win32
		{B5B81EB1-4E08-486C-9B00-035479B8009F}.Release|x64.ActiveCfg = Release|x64
		{B5B81EB1-4E08-486C-9B00-035479B8009F}.Release|x64.Build.0 = Release|x64
		{B5B81EB1-4E08-486C-9B00-035479B8009F}.Release|x86.ActiveCfg = Release|Win32
		{B5B81EB1-4E08-486C-9B00-035479B8009F}.Release|x86.Build.0 = Release|Win32
		{84C7A8E8-F915-4783-BF6F-2D14347B70B4}.Debug|x64.ActiveCfg = Debug|x64
		{84C7A8E8-F915-4783-BF6F-2D14347B70B4}.Debug|x64.Build.0 = Debug|x64
		{84C7A8E8-F915-4783-BF6F-2D14347B70B4}.Debug|x86.ActiveCfg = Debug|Win32
		{84C7A8E8-F915-4783-BF6F-2D14347B70B4}.Debug|x86.Build.0 = Debug|Win32
		{84C7A8E8-F915-4783-BF6F-2D14347B70B4}.Release|x64.ActiveCfg = Release|x64
		{84C7A8E8-F915-4783-BF6F-2D14347B70B4}.Release|x64.Build.0 = Release|x64
		{84C7A8E8-F915-4783-BF6F-2D14347B70B4}.Release|x86.ActiveCfg = Release|Win32
		{84C7A8E8-F915-4783-BF6F-2D14347B70B4}.Release|x86.Build.0 = Release|Win32
		{248D299B-3C6D-4D70-A8D8-CE0A05575327}.Debug|x64.ActiveCfg = Debug|x64
		{248D299B-3C6D-4D70-A8D8-CE0A05575327}.Debug|x64.Build.0 = Debug|x64
		{248D299B-3C6D-4D70-A8D8-CE0A05575327}.Debug|x86.ActiveCfg = Debug|Win32
		{248D299B-3C6D-4D70-A8D8-CE0A05575327}.Debug|x86.Build.0 = Debug|Win32
		{248D299B-3C6D-4D70-A8D8-CE0A05575327}.Release|x64.ActiveCfg = Release|x64
		{248D299B-3C6D-4D70-A8D8-CE0A05575327}.Release|x64.Build.0 = Release|x64
		{248D299B-3C6D-4D70-A8D8-CE0A05575327}.Release|x86.ActiveCfg = Release|Win32
		{248D299B-3C6D-4D70-A8D8-CE0A05575327}.Release|x86.Build.0 = Release|Win32
		{89BC3708-B45E-450E-A3CF-E09E1BD4F51D}.Debug|x64.ActiveCfg = Debug|x64
		{89BC3708-B45E-450E-A3CF-E09E1BD4F51D}.Debug|x64.Build.0 = Debug|x64
		{89BC3708-B45E-450E-A3CF-E09E1BD4F51D}.Debug|x86.ActiveCfg = Debug|Win32
		{89BC3708-B45E-450E-A3CF-E09E1BD4F51D}.Debug|x86.Build.0 = Debug|Win32
		{89BC3708-B45E-450E-A3CF-E09E1BD4F51D}.Release|x64.ActiveCfg = Release|x64
		{89BC3708-B45E-450E-A3CF-E09E1BD4F51D}.Release|x64.Build.0 = Release|x64
		{89BC3708-B45E-450E-A3CF-E09E1BD4F51D}.Release|x86.ActiveCfg = Release|Win32
		{89BC3708-B45E-450E-A3CF-E09E1BD4F51D}.Release|x86.Build.0 = Release|Win32
		{6DEF7EAF-6860-431A-BC61-209969BBA5B4}.Debug|x64.ActiveCfg = Debug|x64
		{6DEF7EAF-6860-431A-BC61-209969BBA5B4}.Debug|x64.Build.0 = Debug|x64
		{6DEF7EAF-6860-431A-BC61-209969BBA5B4}.Debug|x86.ActiveCfg = Debug|Win32
		{6DEF7EAF-6860-431A-BC61-209969BBA5B4}.Debug|x86.Build.0 = Debug|Win32
		{6DEF7EAF-6860-431A-BC61-209969BBA5B4}.Release|x64.ActiveCfg = Release|x64
		{6DEF7EAF-6860-431A-BC61-209969BBA5B4}.Release|x64.Build.0 = Release|x64
		{6DEF7EAF-6860-431A-BC61-209969BBA5B4}.Release|x86.ActiveCfg = Release|Win32
		{6DEF7EAF-6860-431A-BC61-209969BBA5B4}.Release|x86.Build.0 = Release|Win32
		{09883FD5-8A6C-4C31-BD13-C89422112054}.Debug|x64.ActiveCfg = Debug|x64
		{09883FD5-8A6C-4C31-BD13-C89422112054}.Debug|x64.Build.0 = Debug|x64
		{09883FD5-8A6C-4C31-BD13-C89422112054}.Debug|x86.ActiveCfg = Debug|Win32
		{09883FD5-8A6C-4C31-BD13-C89422112054}.Debug|x86.Build.0 = Debug|Win32
		{09883FD5-8A6C-4C31-BD13-C89422112054}.Release|x64.ActiveCfg = Release|x64
		{09883FD5-8A6C-4C31-BD13-C89422112054}.Release|x64.Build.0 = Release|x64
		{09883FD5-8A6C-4C31-BD13-C89422112054}.Release|x86.ActiveCfg = Release|Win32
		{09883FD5-8A6C-4C31-BD13-C89422112054}.Release|x86.Build.0 = Release|Win32
		{8C392B33-5A93-4AA7-9942-073D8527D2A7}.Debug|x64.ActiveCfg = Debug|x64
		{8C392B33-5A93-4AA7-9942-073D8527D2A7}.Debug|x64.Build.0 = Debug|x64
		{8C392B33-5A93-4AA7-9942-073D8527D2A7}.Debug|x86.ActiveCfg = Debug|Win32
		{8C392B33-5A93-4AA7-9942-073D8527D2A7}.Debug|x86.Build.0 = Debug|Win32
		{8C392B33-5A93-4AA7-9942-073D8527D2A7}.Release|x64.ActiveCfg = Release|x64
		{8C392B33-5A93-4AA7-9942-073D8527D2A7}.Release|x64.Build.0 = Release|x64
		{8C392B33-5A93-4AA7-9942-073D8527D2A7}.Release|x86.ActiveCfg = Release|Win32
		{8C392B33-5A93-4AA7-9942-073D8527D2A7}.Release|x86.Build.0 = Release|Win32
		{96ECDAC7-0F87-4D87-8BED-C8DC4B5436DB}.Debug|x64.ActiveCfg = Debug|x64
		{96ECDAC7-0F87-4D87-8BED-C8DC4B5436DB}.Debug|x64.Build.0 = Debug|x64
		{96ECDAC7-0F87-4D87-8BED-C8DC4B5436DB}.Debug|x86.ActiveCfg = Debug|Win32
		{96ECDAC7-0F87-4D87-8BED-C8DC4B5436DB}.Debug|x86.Build.0 = Debug|Win32
		{96ECDAC7-0F87-4D87-8BED-C8DC4B5436DB}.Release|x64.ActiveCfg = Release|x64
		{96ECDAC7-0F87-4D87-8BED-C8DC4B5436DB}.Release|x64.Build.0 = Release|x64
		{96ECDAC7-0F87-4D87-8BED-C8DC4B5436DB}.Release|x86.ActiveCfg = Release|Win32
		{96ECDAC7-0F87-4D87-8BED-C8DC4B5436DB}.Release|x86.Build.0 = Release|Win32
		{D67A108D-0ABF-4C77-9B8D-3D2056B9DFD9}.Debug|x64.ActiveCfg = Debug|x64
		{D67A108D-0ABF-4C77-9B8D-3D2056B9DFD9}.Debug|x64.Build.0 = Debug|x64
		{D67A108D-0ABF-4C77-9B8D-3D2056B9DFD9}.Debug|x86.ActiveCfg = Debug|Win32
		{D67A108D-0ABF-4C77-9B8D-3D2056B9DFD9}.Debug|x86.Build.0 = Debug|Win32
		{D67A108D-0ABF-4C77-9B8D-3D2056B9DFD9}.Release|x64.ActiveCfg = Release|x64
		{D67A108D-0ABF-4C77-9B8D-3D2056B9DFD9}.Release|x64.Build.0 = Release|x64
		{D67A108D-0ABF-4C77-9B8D-3D2056B9DFD9}.Release|x86.ActiveCfg = Release|Win32
		{D67A108D-0ABF-4C77-9B8D-3D2056B9DFD9}.Release|x86.Build.0 = Release|Win32
		{62B14276-036B-4556-920C-2E83865EF66D}.Debug|x64.ActiveCfg = Debug|x64
		{62B14276-036B-4556-920C-2E83865EF66D}.Debug|x64.Build.0 = Debug|x64
		{62B14276-036B-4556-920C-2E83865EF66D}.Debug|x86.ActiveCfg = Debug|Win32
		{62B14276-036B-4556-920C-2E83865EF66D}.Debug|x86.Build.0 = Debug|Win32
		{62B14276-036B-4556-920C-2E83865EF66D}.Release|x64.ActiveCfg = Release|x64
		{62B14276-036B-4556-920C-2E83865EF66D}.Release|x64.Build.0 = Release|x64
		{62B14276-036B-4556-920C-2E83865EF66D}.Release|x86.ActiveCfg = Release|Win32
		{62B14276-036B-4556-920C-2E83865EF66D}.Release|x86.Build.0 = Release|Win32
		{0A1E8BE0-B21A-4131-B971-6739E27AC8EA}.Debug|x64.ActiveCfg = Debug|x64
		{0A1E8BE0-B21A-4131-B971-6739E27AC8EA}.Debug|x64.Build.0 = Debug|x64
		{0A1E8BE0-B21A-4131-B971-6739E27AC8EA}.Debug|x86.ActiveCfg = Debug|Win32
		{0A1E8BE0-B21A-4131-B971-6739E27AC8EA}.Debug|x86.Build.0 = Debug|Win32
		{0A1E8BE0-B21A-4131-B971-6739E27AC8EA}.Release|x64.ActiveCfg = Release|x64
		{0A1E8BE0-B21A-4131-B971-6739E27AC8EA}.Release|x64.Build.0 = Release|x64
		{0A1E8BE0-B21A-4131-B971-6739E27AC8EA}.Release|x86.ActiveCfg = Release|Win32
		{0A1E8BE0-B21A-4131-B971-6739E27AC8EA}.Release|x86.Build.0 = Release|Win32
		{8E6BBF53-EAF3-4B7E-9DDF-F54AA868CE6E}.Debug|x64.ActiveCfg = Debug|x64
		{8E6BBF53-EAF3-4B7E-9DDF-F54AA868CE6E}.Debug|x64.Build.0 = Debug|x64
		{8E6BBF53-EAF3-4B7E-9DDF-F54AA868CE6E}.Debug|x86.ActiveCfg = Debug|Win32
		{8E6BBF53-EAF3-4B7E-9DDF-F54AA868CE6E}.Debug|x86.Build.0 = Debug|Win32
		{8E6BBF53-EAF3-4B7E-9DDF-F54AA868CE6E}.Release|x64.ActiveCfg = Release|x64
		{8E6BBF53-EAF3-4B7E-9DDF-F54AA868CE6E}.Release|x64.Build.0 = Release|x64
		{8E6BBF53-EAF3-4B7E-9DDF-F54AA868CE6E}.Release|x86.ActiveCfg = Release|Win32
		{8E6BBF53-EAF3-4B7E-9DDF-F54AA868CE6E}.Release|x86.Build.0 = Release|Win32
		{D3336DBA-112B-4069-B331-7DE31BF37569}.Debug|x64.ActiveCfg = Debug|x64
		{D3336DBA-112B-4069-B331-7DE31BF37569}.Debug|x64.Build.0 = Debug|x64
		{D3336DBA-112B-4069-B331-7DE31BF37569}.Debug|x86.ActiveCfg = Debug|Win32
		{D3336DBA-112B-4069-B331-7DE31BF37569}.Debug|x86.Build.0 = Debug|Win32
		{D3336DBA-112B-4069-B331-7DE31BF37569}.Release|x64.ActiveCfg = Release|x64
		{D3336DBA-112B-4069-B331-7DE31BF37569}.Release|x64.Build.0 = Release|x64
		{D3336DBA-112B-4069-B331-7DE31BF37569}.Release|x86.ActiveCfg = Release|Win32
		{D3336DBA-112B-4069-B331-7DE31BF37569}.Release|x86.Build.0 = Release|Win32
		{0862028C-ED8A-40D7-B8C3-6C73DEE9FD7B}.Debug|x64.ActiveCfg = Debug|x64
		{0862028C-ED8A-40D7-B8C3-6C73DEE9FD7B}.Debug|x64.Build.0 = Debug|x64
		{0862028C-ED8A-40D7-B8C3-6C73DEE9FD7B}.Debug|x86.ActiveCfg = Debug|Win32
		{0862028C-ED8A-40D7-B8C3-6C73DEE9FD7B}.Debug|x86.Build.0 = Debug|Win32
		{0862028C-ED8A-40D7-B8C3-6C73DEE9FD7B}.Release|x64.ActiveCfg = Release|x64
		{0862028C-ED8A-40D7-B8C3-6C73DEE9FD7B}.Release|x64.Build.0 = Release|x64
		{0862028C-ED8A-40D7-B8C3-6C73DEE9FD7B}.Release|x86.ActiveCfg = Release|Win32
		{0862028C-ED8A-40D7-B8C3-6C73DEE9FD7B}.Release|x86.Build.0 = Release|Win32
		{9A96574B-8700-46A6-9797-F5757411C528}.Debug|x64.ActiveCfg = Debug|x64
		{9A96574B-8700-46A6-9797-F5757411C528}.Debug|x64.Build.0 = Debug|x64
		{9A96574B-8700-46A6-9797-F5757411C528}.Debug|x86.ActiveCfg = Debug|Win32
		{9A96574B-8700-46A6-9797-F5757411C528}.Debug|x86.Build.0 = Debug|Win32
		{9A96574B-8700-46A6-9797-F5757411C528}.Release|x64.ActiveCfg = Release|x64
		{9A96574B-8700-46A6-9797-F5757411C528}.Release|x64.Build.0 = Release|x64
		{9A96574B-8700-46A6-9797-F5757411C528}.Release|x86.ActiveCfg = Release|Win32
		{9A96574B-8700-46A6-9797-F5757411C528}.Release|x86.Build.0 = Release|Win32
		{F28B8D40-534E-46C6-AD1A-6B2BA12A99B0}.Debug|x64.ActiveCfg = Debug|x64
		{F28B8D40-534E-46C6-AD1A-6B2BA12A99B0}.Debug|x64.Build.0 = Debug|x64
		{F28B8D40-534E-46C6-AD1A-6B2BA12A99B0}.Debug|x86.ActiveCfg = Debug|Win32
		{F28B8D40-534E-46C6-AD1A-6B2BA12A99B0}.Debug|x86.Build.0 = Debug|Win32
		{F28B8D40-534E-46C6-AD1A-6B2BA12A99B0}.Release|x64.ActiveCfg = Release|x64
		{F28B8D40-534E-46C6-AD1A-6B2BA12A99B0}.Release|x64.Build.0 = Release|x64
		{F28B8D40-534E-46C6-AD1A-6B2BA12A99B0}.Release|x86.ActiveCfg = Release|Win32
		{F28B8D40-534E-46C6-AD1A-6B2BA12A99B0}.Release|x86.Build.0 = Release|Win32
		{B9693C00-22EA-4049-B448-C8E3FA525635}.Debug|x64.ActiveCfg = Debug|x64
		{B9693C00-22EA-4049-B448-C8E3FA525635}.Debug|x64.Build.0 = Debug|x64
		{B9693C00-22EA-4049-B448-C8E3FA525635}.Debug|x86.ActiveCfg = Debug|Win32
		{B9693C00-22EA-4049-B448-C8E3FA525635}.Debug|x86.Build.0 = Debug|Win32
		{B9693C00-22EA-4049-B448-C8E3FA525635}.Release|x64.ActiveCfg = Release|x64
		{B9693C00-22EA-4049-B448-C8E3FA525635}.Release|x64.Build.0 = Release|x64
		{B9693C00-22EA-4049-B448-C8E3FA525635}.Release|x86.ActiveCfg = Release|Win32
		{B9693C00-22EA-4049-B448-C8E3FA525635}.Release|x86.Build.0 = Release|Win32
		{3FEE68FF-689C-4624-AFF5-EAB3723B01C5}.Debug|x64.ActiveCfg = Debug|x64
		{3FEE68FF-689C-4624-AFF5-EAB3723B01C5}.Debug|x64.Build.0 = Debug|x64
		{3FEE68FF-689C-4624-AFF5-EAB3723B01C5}.Debug|x86.ActiveCfg = Debug|Win32
		{3FEE68FF-689C-4624-AFF5-EAB3723B01C5}.Debug|x86.Build.0 = Debug|Win32
		{3FEE68FF-689C-4624-AFF5-EAB3723B01C5}.Release|x64.ActiveCfg = Release|x64
		{3FEE68FF-689C-4624-AFF5-EAB3723B01C5}.Release|x64.Build.0 = Release|x64
		{3FEE68FF-689C-4624-AFF5-EAB3723B01C5}.Release|x86.ActiveCfg = Release|Win32
		{3FEE68FF-689C-4624-AFF5-EAB3723B01C5}.Release|x86.Build.0 = Release|Win32
		{39C5AE00-74C8-4E32-B4BD-D44A5C41B97C}.Debug|x64.ActiveCfg = Debug|x64
		{39C5AE00-74C8-4E32-B4BD-D44A5C41B97C}.Debug|x64.Build.0 = Debug|x64
		{39C5AE00-74C8-4E32-B4BD-D44A5C41B97C}.Debug|x86.ActiveCfg = Debug|Win32
		{39C5AE00-74C8-4E32-B4BD-D44A5C41B97C}.Debug|x86.Build.0 = Debug|Win32
		{39C5AE00-74C8-4E32-B4BD-D44A5C41B97C}.Release|x64.ActiveCfg = Release|x64
		{39C5AE00-74C8-4E32-B4BD-D44A5C41B97C}.Release|x64.Build.0 = Release|x64
		{39C5AE00-74C8-4E32-B4BD-D44A5C41B97C}.Release|x86.ActiveCfg = Release|Win32
		{39C5AE00-74C8-4E32-B4BD-D44A5C41B97C}.Release|x86.Build.0 = Release|Win32
		{09C7C06B-27A9-484F-B8CA-5E094FB30EE4}.Debug|x64.ActiveCfg = Debug|x64
		{09C7C06B-27A9-484F-B8CA-5E094FB30EE4}.Debug|x64.Build.0 = Debug|x64
		{09C7C06B-27A9-484F-B8CA-5E094FB30EE4}.Debug|x86.ActiveCfg = Debug|Win32
		{09C7C06B-27A9-484F-B8CA-5E094FB30EE4}.Debug|x86.Build.0 = Debug|Win32
		{09C7C06B-27A9-484F-B8CA-5E094FB30EE4}.Release|x64.ActiveCfg = Release|x64
		{09C7C06B-27A9-484F-B8CA-5E094FB30EE4}.Release|x64.Build.0 = Release|x64
		{09C7C06B-27A9-484F-B8CA-5E094FB30EE4}.Release|x86.ActiveCfg = Release|Win32
		{09C7C06B-27A9-484F-B8CA-5E094FB30EE4}.Release|x86.Build.0 = Release|Win32
		{B6F2A7BD-89F3-453D-A78E-36A92695B631}.Debug|x64.ActiveCfg = Debug|x64
		{B6F2A7BD-89F3-453D-A78E-36A92695B631}.Debug|x64.Build.0 = Debug|x64
		{B6F2A7BD-89F3-453D-A78E-36A92695B631}.Debug|x86.ActiveCfg = Debug|Win32
		{B6F2A7BD-89F3-453D-A78E-36A92695B631}.Debug|x86.Build.0 = Debug|Win32
		{B6F2A7BD-89F3-453D-A78E-36A92695B631}.Release|x64.ActiveCfg = Release|x64
		{B6F2A7BD-89F3-453D-A78E-36A92695B631}.Release|x64.Build.0 = Release|x64
		{B6F2A7BD-89F3-453D-A78E-36A92695B631}.Release|x86.ActiveCfg = Release|Win32
		{B6F2A7BD-89F3-453D-A78E-36A92695B631}.Release|x86.Build.0 = Release|Win32
		{E3C0974A-D299-43E8-8089-717D807373DE}.Debug|x64.ActiveCfg = Debug|x64
		{E3C0974A-D299-43E8-8089-717D807373DE}.Debug|x64.Build.0 = Debug|x64
		{E3C0974A-D299-43E8-8089-717D807373DE}.Debug|x86.ActiveCfg = Debug|Win32
		{E3C0974A-D299-43E8-8089-717D807373DE}.Debug|x86.Build.0 = Debug|Win32
		{E3C0974A-D299-43E8-8089-717D807373DE}.Release|x64.ActiveCfg = Release|x64
		{E3C0974A-D299-43E8-8089-717D807373DE}.Release|x64.Build.0 = Release|x64
		{E3C0974A-D299-43E8-8089-717D807373DE}.Release|x86.ActiveCfg = Release|Win32
		{E3C0974A-D299-43E8-8089-717D807373DE}.Release|x86.Build.0 = Release|Win32
		{FEC4E481-68ED-422C-8E1D-171D1A6590F4}.Debug|x64.ActiveCfg = Debug|x64
		{FEC4E481-68ED-422C-8E1D-171D1A6590F4}.Debug|x64.Build.0 = Debug|x64
		{FEC4E481-68ED-422C-8E1D-171D1A6590F4}.Debug|x86.ActiveCfg = Debug|Win32
		{FEC4E481-68ED-422C-8E1D-171D1A6590F4}.Debug|x86.Build.0 = Debug|Win32
		{FEC4E481-68ED-422C-8E1D-171D1A6590F4}.Release|x64.ActiveCfg = Release|x64
		{FEC4E481-68ED-422C-8E1D-171D1A6590F4}.Release|x64.Build.0 = Release|x64
		{FEC4E481-68ED-422C-8E1D-171D1A6590F4}.Release|x86.ActiveCfg = Release|Win32
		{FEC4E481-68ED-422C-8E1D-171D1A6590F4}.Release|x86.Build.0 = Release|Win32
		{542D3C18-004E-4DF0-A96D-60D597575F7F}.Debug|x64.ActiveCfg = Debug|x64
		{542D3C18-004E-4DF0-A96D-60D597575F7F}.Debug|x64.Build.0 = Debug|x64
		{542D3C18-004E-4DF0-A96D-60D597575F7F}.Debug|x86.ActiveCfg = Debug|Win32
		{542D3C18-004E-4DF0-A96D-60D597575F7F}.Debug|x86.Build.0 = Debug|Win32
		{542D3C18-004E-4DF0-A96D-60D597575F7F}.Release|x64.ActiveCfg = Release|x64
		{542D3C18-004E-4DF0-A96D-60D597575F7F}.Release|x64.Build.0 = Release|x64
		{542D3C18-004E-4DF0-A96D-60D597575F7F}.Release|x86.ActiveCfg = Release|Win32
		{542D3C18-004E-4DF0-A96D-60D597575F7F}.Release|x86.Build.0 = Release|Win32
		{DE539771-CA2E-4339-9E1D-D42C5C0509C4}.Debug|x64.ActiveCfg = Debug|x64
		{DE539771-CA2E-4339-9E1D-D42C5C0509C4}.Debug|x64.Build.0 = Debug|x64
		{DE539771-CA2E-4339-9E1D-D42C5C0509C4}.Debug|x86.ActiveCfg = Debug|Win32
		{DE539771-CA2E-4339-9E1D-D42C5C0509C4}.Debug|x86.Build.0 = Debug|Win32
		{DE539771-CA2E-4339-9E1D-D42C5C0509C4}.Release|x64.ActiveCfg = Release|x64
		{DE539771-CA2E-4339-9E1D-D42C5C0509C4}.Release|x64.Build.0 = Release|x64
		{DE539771-CA2E-4339-9E1D-D42C5C0509C4}.Release|x86.ActiveCfg = Release|Win32
		{DE539771-CA2E-4339-9E1D-D42C5C0509C4}.Release|x86.Build.0 = Release|Win32
		{F9A67D29-ED7A-435F-8423-BE27069CCF94}.Debug|x64.ActiveCfg = Debug|x64
		{F9A67D29-ED7A-435F-8423-BE27069CCF94}.Debug|x64.Build.0 = Debug|x64
		{F9A67D29-ED7A-435F-8423-BE27069CCF94}.Debug|x86.ActiveCfg = Debug|Win32
		{F9A67D29-ED7A-435F-8423-BE27069CCF94}.Debug|x86.Build.0 = Debug|Win32
		{F9A67D29-ED7A-435F-8423-BE27069CCF94}.Release|x64.ActiveCfg = Release|x64
		{F9A67D29-ED7A-435F-8423-BE27069CCF94}.Release|x64.Build.0 = Release|x64
		{F9A67D29-ED7A-435F-8423-BE27069CCF94}.Release|x86.ActiveCfg = Release|Win32
		{F9A67D29-ED7A-435F-8423-BE27069CCF94}.Release|x86.Build.0 = Release|Win32
		{29923CCD-3CE7-4643-9D49-B9E44E4ECF5E}.Debug|x64.ActiveCfg = Debug|x64
		{29923CCD-3CE7-4643-9D49-B9E44E4ECF5E}.Debug|x64.Build.0 = Debug|x64
		{29923CCD-3CE7-4643-9D49-B9E44E4ECF5E}.Debug|x86.ActiveCfg = Debug|Win32
		{29923CCD-3CE7-4643-9D49-B9E44E4ECF5E}.Debug|x86.Build.0 = Debug|Win32
		{29923CCD-3CE7-4643-9D49-B9E44E4ECF5E}.Release|x64.ActiveCfg = Release|x64
		{29923CCD-3CE7-4643-9D49-B9E44E4ECF5E}.Release|x64.Build.0 = Release|x64
		{29923CCD-3CE7-4643-9D49-B9E44E4ECF5E}.Release|x86.ActiveCfg = Release|Win32
		{29923CCD-3CE7-4643-9D49-B9E44E4ECF5E}.Release|x86.Build.0 = Release|Win32
		{5E6D3B4D-EF30-4969-9312-EE2C311F1659}.Debug|x64.ActiveCfg = Debug|x64
		{5E6D3B4D-EF30-4969-9312-EE2C311F1659}.Debug|x64.Build.0 = Debug|x64
		{5E6D3B4D-EF30-4969-9312-EE2C311F1659}.Debug|x86.ActiveCfg = Debug|Win32
		{5E6D3B4D-EF30-4969-9312-EE2C311F1659}.Debug|x86.Build.0 = Debug|Win32
		{5E6D3B4D-EF30-4969-9312-EE2C311F1659}.Release|x64.ActiveCfg = Release|x64
		{5E6D3B4D-EF30-4969-9312-EE2C311F1659}.Release|x64.Build.0 = Release|x64
		{5E6D3B4D-EF30-4969-9312-EE2C311F1659}.Release|x86.ActiveCfg = Release|Win32
		{5E6D3B4D-EF30-4969-9312-EE2C311F1659}.Release|x86.Build.0 = Release|Win32
		{90538206-B971-47BB-814B-F2EB4204BCC4}.Debug|x64.ActiveCfg = Debug|x64
		{90538206-B971-47BB-814B-F2EB4204BCC4}.Debug|x64.Build.0 = Debug|x64
		{90538206-B971-47BB-814B-F2EB4204BCC4}.Debug|x86.ActiveCfg = Debug|Win32
		{90538206-B971-47BB-814B-F2EB4204BCC4}.Debug|x86.Build.0 = Debug|Win32
		{90538206-B971-47BB-814B-F2EB4204BCC4}.Release|x64.ActiveCfg = Release|x64
		{90538206-B971-47BB-814B-F2EB4204BCC4}.Release|x64.Build.0 = Release|x64
		{90538206-B971-47BB-814B-F2EB4204BCC4}.Release|x86.ActiveCfg = Release|Win32
		{90538206-B971-47BB-814B-F2EB4204BCC4}.Release|x86.Build.0 = Release|Win32
	EndGlobalSection
	GlobalSection(SolutionProperties) = preSolution
		HideSolutionNode = FALSE
	EndGlobalSection
	GlobalSection(ExtensibilityGlobals) = postSolution
		SolutionGuid = {A4A9A8CE-3281-409D-93F9-0C76281722A7}
	EndGlobalSection
EndGlobal
